// !$*UTF8*$!
{
	archiveVersion = 1;
	classes = {
	};
	objectVersion = 56;
	objects = {

/* Begin PBXBuildFile section */
		4652B03029A4422F00C9F94B /* BaseErrorModel.swift in Sources */ = {isa = PBXBuildFile; fileRef = 4652B02F29A4422F00C9F94B /* BaseErrorModel.swift */; };
		4657603F29B16A5200BA8AC8 /* Core in Frameworks */ = {isa = PBXBuildFile; productRef = 4657603E29B16A5200BA8AC8 /* Core */; };
		4657604229B16A6100BA8AC8 /* DesignKit in Frameworks */ = {isa = PBXBuildFile; productRef = 4657604129B16A6100BA8AC8 /* DesignKit */; };
		4657604529B16A6F00BA8AC8 /* NetworkManagerPackage in Frameworks */ = {isa = PBXBuildFile; productRef = 4657604429B16A6F00BA8AC8 /* NetworkManagerPackage */; };
		467A9C1229B166B500E9F85F /* ExampleTabViewController.swift in Sources */ = {isa = PBXBuildFile; fileRef = 467A9C1129B166B500E9F85F /* ExampleTabViewController.swift */; };
		469AA80F29AA6014005BB4FD /* Fonts.swift in Sources */ = {isa = PBXBuildFile; fileRef = 469AA80E29AA6014005BB4FD /* Fonts.swift */; };
		469AA81229AA6358005BB4FD /* ProductInitialize.swift in Sources */ = {isa = PBXBuildFile; fileRef = 469AA81129AA6358005BB4FD /* ProductInitialize.swift */; };
		469AA81429AA64E6005BB4FD /* Colors.swift in Sources */ = {isa = PBXBuildFile; fileRef = 469AA81329AA64E6005BB4FD /* Colors.swift */; };
		469AA81629AA64EE005BB4FD /* Sizes.swift in Sources */ = {isa = PBXBuildFile; fileRef = 469AA81529AA64EE005BB4FD /* Sizes.swift */; };
		46CF79EB29AAC6D90072DF2C /* ExampleViewModel.swift in Sources */ = {isa = PBXBuildFile; fileRef = 46CF79EA29AAC6D90072DF2C /* ExampleViewModel.swift */; };
		46CF79ED29AAC6F90072DF2C /* IExampleService.swift in Sources */ = {isa = PBXBuildFile; fileRef = 46CF79EC29AAC6F90072DF2C /* IExampleService.swift */; };
		46CF79EF29AAC72B0072DF2C /* ExampleService.swift in Sources */ = {isa = PBXBuildFile; fileRef = 46CF79EE29AAC72B0072DF2C /* ExampleService.swift */; };
		46CF79F129AAC7A50072DF2C /* ExampleModel.swift in Sources */ = {isa = PBXBuildFile; fileRef = 46CF79F029AAC7A50072DF2C /* ExampleModel.swift */; };
		46D960EE29A2C64B008F54E6 /* AppDelegate.swift in Sources */ = {isa = PBXBuildFile; fileRef = 46D960ED29A2C64B008F54E6 /* AppDelegate.swift */; };
		46D960F029A2C64B008F54E6 /* SceneDelegate.swift in Sources */ = {isa = PBXBuildFile; fileRef = 46D960EF29A2C64B008F54E6 /* SceneDelegate.swift */; };
		46D960F729A2C64C008F54E6 /* Assets.xcassets in Resources */ = {isa = PBXBuildFile; fileRef = 46D960F629A2C64C008F54E6 /* Assets.xcassets */; };
		46D9610D29A2C9AF008F54E6 /* LoginViewController.swift in Sources */ = {isa = PBXBuildFile; fileRef = 46D9610C29A2C9AF008F54E6 /* LoginViewController.swift */; };
		46D9610F29A2C9CA008F54E6 /* ExampleView.swift in Sources */ = {isa = PBXBuildFile; fileRef = 46D9610E29A2C9CA008F54E6 /* ExampleView.swift */; };
		46D9615629A2F37C008F54E6 /* README.md in Resources */ = {isa = PBXBuildFile; fileRef = 46D9615529A2F37B008F54E6 /* README.md */; };
		46D9615C29A2F41E008F54E6 /* ProductNetworkManager.swift in Sources */ = {isa = PBXBuildFile; fileRef = 46D9615B29A2F41E008F54E6 /* ProductNetworkManager.swift */; };
/* End PBXBuildFile section */

/* Begin PBXFileReference section */
		4652B02F29A4422F00C9F94B /* BaseErrorModel.swift */ = {isa = PBXFileReference; lastKnownFileType = sourcecode.swift; path = BaseErrorModel.swift; sourceTree = "<group>"; };
		467A9C1129B166B500E9F85F /* ExampleTabViewController.swift */ = {isa = PBXFileReference; lastKnownFileType = sourcecode.swift; path = ExampleTabViewController.swift; sourceTree = "<group>"; };
		469AA80E29AA6014005BB4FD /* Fonts.swift */ = {isa = PBXFileReference; lastKnownFileType = sourcecode.swift; path = Fonts.swift; sourceTree = "<group>"; };
		469AA81129AA6358005BB4FD /* ProductInitialize.swift */ = {isa = PBXFileReference; lastKnownFileType = sourcecode.swift; path = ProductInitialize.swift; sourceTree = "<group>"; };
		469AA81329AA64E6005BB4FD /* Colors.swift */ = {isa = PBXFileReference; lastKnownFileType = sourcecode.swift; path = Colors.swift; sourceTree = "<group>"; };
		469AA81529AA64EE005BB4FD /* Sizes.swift */ = {isa = PBXFileReference; lastKnownFileType = sourcecode.swift; path = Sizes.swift; sourceTree = "<group>"; };
		46CF79EA29AAC6D90072DF2C /* ExampleViewModel.swift */ = {isa = PBXFileReference; lastKnownFileType = sourcecode.swift; path = ExampleViewModel.swift; sourceTree = "<group>"; };
		46CF79EC29AAC6F90072DF2C /* IExampleService.swift */ = {isa = PBXFileReference; lastKnownFileType = sourcecode.swift; path = IExampleService.swift; sourceTree = "<group>"; };
		46CF79EE29AAC72B0072DF2C /* ExampleService.swift */ = {isa = PBXFileReference; lastKnownFileType = sourcecode.swift; path = ExampleService.swift; sourceTree = "<group>"; };
		46CF79F029AAC7A50072DF2C /* ExampleModel.swift */ = {isa = PBXFileReference; lastKnownFileType = sourcecode.swift; path = ExampleModel.swift; sourceTree = "<group>"; };
		46D960EA29A2C64B008F54E6 /* UIKit+SwiftUI+Architecture.app */ = {isa = PBXFileReference; explicitFileType = wrapper.application; includeInIndex = 0; name = "UIKit+SwiftUI+Architecture.app"; path = "/Users/mehmetkaranlik/Desktop/Repositories/SesimiDuy/UIKit-SwiftUI-Architecture/build/Debug-iphoneos/UIKit+SwiftUI+Architecture.app"; sourceTree = "<absolute>"; };
		46D960ED29A2C64B008F54E6 /* AppDelegate.swift */ = {isa = PBXFileReference; lastKnownFileType = sourcecode.swift; path = AppDelegate.swift; sourceTree = "<group>"; };
		46D960EF29A2C64B008F54E6 /* SceneDelegate.swift */ = {isa = PBXFileReference; lastKnownFileType = sourcecode.swift; path = SceneDelegate.swift; sourceTree = "<group>"; };
		46D960F629A2C64C008F54E6 /* Assets.xcassets */ = {isa = PBXFileReference; lastKnownFileType = folder.assetcatalog; path = Assets.xcassets; sourceTree = "<group>"; };
		46D960FB29A2C64C008F54E6 /* Info.plist */ = {isa = PBXFileReference; lastKnownFileType = text.plist.xml; path = Info.plist; sourceTree = "<group>"; };
		46D9610C29A2C9AF008F54E6 /* LoginViewController.swift */ = {isa = PBXFileReference; lastKnownFileType = sourcecode.swift; path = LoginViewController.swift; sourceTree = "<group>"; };
		46D9610E29A2C9CA008F54E6 /* ExampleView.swift */ = {isa = PBXFileReference; lastKnownFileType = sourcecode.swift; path = ExampleView.swift; sourceTree = "<group>"; };
		46D9615529A2F37B008F54E6 /* README.md */ = {isa = PBXFileReference; fileEncoding = 4; lastKnownFileType = net.daringfireball.markdown; path = README.md; sourceTree = "<group>"; };
		46D9615B29A2F41E008F54E6 /* ProductNetworkManager.swift */ = {isa = PBXFileReference; lastKnownFileType = sourcecode.swift; path = ProductNetworkManager.swift; sourceTree = "<group>"; };
/* End PBXFileReference section */

/* Begin PBXFrameworksBuildPhase section */
		46D960E729A2C64B008F54E6 /* Frameworks */ = {
			isa = PBXFrameworksBuildPhase;
			buildActionMask = 2147483647;
			files = (
				4657603F29B16A5200BA8AC8 /* Core in Frameworks */,
				4657604229B16A6100BA8AC8 /* DesignKit in Frameworks */,
				4657604529B16A6F00BA8AC8 /* NetworkManagerPackage in Frameworks */,
			);
			runOnlyForDeploymentPostprocessing = 0;
		};
/* End PBXFrameworksBuildPhase section */

/* Begin PBXGroup section */
		464305D429ABAC9400042318 /* Frameworks */ = {
			isa = PBXGroup;
			children = (
			);
			name = Frameworks;
			sourceTree = "<group>";
		};
		4652B02C29A4421C00C9F94B /* Product */ = {
			isa = PBXGroup;
			children = (
				469AA81029AA634C005BB4FD /* Init */,
				469AA80D29AA6007005BB4FD /* DesignKit */,
				46D9615729A2F3EB008F54E6 /* Networking */,
				4652B02D29A4422100C9F94B /* Model */,
			);
			path = Product;
			sourceTree = "<group>";
		};
		4652B02D29A4422100C9F94B /* Model */ = {
			isa = PBXGroup;
			children = (
				4652B02E29A4422400C9F94B /* Base */,
			);
			path = Model;
			sourceTree = "<group>";
		};
		4652B02E29A4422400C9F94B /* Base */ = {
			isa = PBXGroup;
			children = (
				4652B02F29A4422F00C9F94B /* BaseErrorModel.swift */,
			);
			path = Base;
			sourceTree = "<group>";
		};
		467A9C0C29B1669000E9F85F /* ExampleTab */ = {
			isa = PBXGroup;
			children = (
				467A9C0E29B1669D00E9F85F /* ViewController */,
			);
			path = ExampleTab;
			sourceTree = "<group>";
		};
		467A9C0E29B1669D00E9F85F /* ViewController */ = {
			isa = PBXGroup;
			children = (
				467A9C1129B166B500E9F85F /* ExampleTabViewController.swift */,
			);
			path = ViewController;
			sourceTree = "<group>";
		};
		469AA80D29AA6007005BB4FD /* DesignKit */ = {
			isa = PBXGroup;
			children = (
				469AA80E29AA6014005BB4FD /* Fonts.swift */,
				469AA81329AA64E6005BB4FD /* Colors.swift */,
				469AA81529AA64EE005BB4FD /* Sizes.swift */,
			);
			path = DesignKit;
			sourceTree = "<group>";
		};
		469AA81029AA634C005BB4FD /* Init */ = {
			isa = PBXGroup;
			children = (
				469AA81129AA6358005BB4FD /* ProductInitialize.swift */,
			);
			path = Init;
			sourceTree = "<group>";
		};
		46CF79E729AAC6C10072DF2C /* ViewModel */ = {
			isa = PBXGroup;
			children = (
				46CF79EA29AAC6D90072DF2C /* ExampleViewModel.swift */,
			);
			path = ViewModel;
			sourceTree = "<group>";
		};
		46CF79E829AAC6C40072DF2C /* Model */ = {
			isa = PBXGroup;
			children = (
				46CF79F029AAC7A50072DF2C /* ExampleModel.swift */,
			);
			path = Model;
			sourceTree = "<group>";
		};
		46CF79E929AAC6C70072DF2C /* Service */ = {
			isa = PBXGroup;
			children = (
				46CF79EC29AAC6F90072DF2C /* IExampleService.swift */,
				46CF79EE29AAC72B0072DF2C /* ExampleService.swift */,
			);
			path = Service;
			sourceTree = "<group>";
		};
		46D960E129A2C64B008F54E6 = {
			isa = PBXGroup;
			children = (
				46D9615529A2F37B008F54E6 /* README.md */,
				46D960EC29A2C64B008F54E6 /* UIKit+SwiftUI+Architecture */,
				464305D429ABAC9400042318 /* Frameworks */,
			);
			sourceTree = "<group>";
		};
		46D960EC29A2C64B008F54E6 /* UIKit+SwiftUI+Architecture */ = {
			isa = PBXGroup;
			children = (
				4652B02C29A4421C00C9F94B /* Product */,
				46D9613E29A2EE05008F54E6 /* Features */,
				46D9610129A2C964008F54E6 /* Resources */,
			);
			path = "UIKit+SwiftUI+Architecture";
			sourceTree = "<group>";
		};
		46D9610129A2C964008F54E6 /* Resources */ = {
			isa = PBXGroup;
			children = (
				46D960EF29A2C64B008F54E6 /* SceneDelegate.swift */,
				46D960ED29A2C64B008F54E6 /* AppDelegate.swift */,
				46D960F629A2C64C008F54E6 /* Assets.xcassets */,
				46D960FB29A2C64C008F54E6 /* Info.plist */,
			);
			name = Resources;
			sourceTree = "<group>";
		};
		46D9613E29A2EE05008F54E6 /* Features */ = {
			isa = PBXGroup;
			children = (
				467A9C0C29B1669000E9F85F /* ExampleTab */,
				46D9614129A2EE45008F54E6 /* Example */,
			);
			path = Features;
			sourceTree = "<group>";
		};
		46D9614129A2EE45008F54E6 /* Example */ = {
			isa = PBXGroup;
			children = (
				46CF79E929AAC6C70072DF2C /* Service */,
				46CF79E829AAC6C40072DF2C /* Model */,
				46CF79E729AAC6C10072DF2C /* ViewModel */,
				46D9614329A2EE50008F54E6 /* View */,
				46D9614229A2EE4A008F54E6 /* ViewController */,
			);
			path = Example;
			sourceTree = "<group>";
		};
		46D9614229A2EE4A008F54E6 /* ViewController */ = {
			isa = PBXGroup;
			children = (
				46D9610C29A2C9AF008F54E6 /* LoginViewController.swift */,
			);
			path = ViewController;
			sourceTree = "<group>";
		};
		46D9614329A2EE50008F54E6 /* View */ = {
			isa = PBXGroup;
			children = (
				46D9610E29A2C9CA008F54E6 /* ExampleView.swift */,
			);
			path = View;
			sourceTree = "<group>";
		};
		46D9615729A2F3EB008F54E6 /* Networking */ = {
			isa = PBXGroup;
			children = (
				46D9615B29A2F41E008F54E6 /* ProductNetworkManager.swift */,
			);
			path = Networking;
			sourceTree = "<group>";
		};
/* End PBXGroup section */

/* Begin PBXNativeTarget section */
		46D960E929A2C64B008F54E6 /* UIKit+SwiftUI+Architecture */ = {
			isa = PBXNativeTarget;
			buildConfigurationList = 46D960FE29A2C64C008F54E6 /* Build configuration list for PBXNativeTarget "UIKit+SwiftUI+Architecture" */;
			buildPhases = (
				46D960E629A2C64B008F54E6 /* Sources */,
				46D960E729A2C64B008F54E6 /* Frameworks */,
				46D960E829A2C64B008F54E6 /* Resources */,
			);
			buildRules = (
			);
			dependencies = (
			);
			name = "UIKit+SwiftUI+Architecture";
			packageProductDependencies = (
				4657603E29B16A5200BA8AC8 /* Core */,
				4657604129B16A6100BA8AC8 /* DesignKit */,
				4657604429B16A6F00BA8AC8 /* NetworkManagerPackage */,
			);
			productName = "UIKit+SwiftUI+Architecture";
			productReference = 46D960EA29A2C64B008F54E6 /* UIKit+SwiftUI+Architecture.app */;
			productType = "com.apple.product-type.application";
		};
/* End PBXNativeTarget section */

/* Begin PBXProject section */
		46D960E229A2C64B008F54E6 /* Project object */ = {
			isa = PBXProject;
			attributes = {
				BuildIndependentTargetsInParallel = 1;
				LastSwiftUpdateCheck = 1410;
				LastUpgradeCheck = 1410;
				TargetAttributes = {
					46D960E929A2C64B008F54E6 = {
						CreatedOnToolsVersion = 14.1;
					};
				};
			};
			buildConfigurationList = 46D960E529A2C64B008F54E6 /* Build configuration list for PBXProject "UIKit+SwiftUI+Architecture" */;
			compatibilityVersion = "Xcode 14.0";
			developmentRegion = en;
			hasScannedForEncodings = 0;
			knownRegions = (
				en,
				Base,
			);
			mainGroup = 46D960E129A2C64B008F54E6;
			packageReferences = (
				4657603D29B16A5200BA8AC8 /* XCRemoteSwiftPackageReference "Core" */,
				4657604029B16A6100BA8AC8 /* XCRemoteSwiftPackageReference "DesignKit" */,
				4657604329B16A6F00BA8AC8 /* XCRemoteSwiftPackageReference "NetworkManager" */,
			);
			productRefGroup = 46D960E129A2C64B008F54E6;
			projectDirPath = "";
			projectRoot = "";
			targets = (
				46D960E929A2C64B008F54E6 /* UIKit+SwiftUI+Architecture */,
			);
		};
/* End PBXProject section */

/* Begin PBXResourcesBuildPhase section */
		46D960E829A2C64B008F54E6 /* Resources */ = {
			isa = PBXResourcesBuildPhase;
			buildActionMask = 2147483647;
			files = (
				46D9615629A2F37C008F54E6 /* README.md in Resources */,
				46D960F729A2C64C008F54E6 /* Assets.xcassets in Resources */,
			);
			runOnlyForDeploymentPostprocessing = 0;
		};
/* End PBXResourcesBuildPhase section */

/* Begin PBXSourcesBuildPhase section */
		46D960E629A2C64B008F54E6 /* Sources */ = {
			isa = PBXSourcesBuildPhase;
			buildActionMask = 2147483647;
			files = (
				46D9615C29A2F41E008F54E6 /* ProductNetworkManager.swift in Sources */,
				46D9610D29A2C9AF008F54E6 /* LoginViewController.swift in Sources */,
				469AA81429AA64E6005BB4FD /* Colors.swift in Sources */,
				469AA80F29AA6014005BB4FD /* Fonts.swift in Sources */,
				46CF79F129AAC7A50072DF2C /* ExampleModel.swift in Sources */,
				469AA81629AA64EE005BB4FD /* Sizes.swift in Sources */,
				469AA81229AA6358005BB4FD /* ProductInitialize.swift in Sources */,
				46CF79ED29AAC6F90072DF2C /* IExampleService.swift in Sources */,
				467A9C1229B166B500E9F85F /* ExampleTabViewController.swift in Sources */,
				46D960EE29A2C64B008F54E6 /* AppDelegate.swift in Sources */,
				46CF79EF29AAC72B0072DF2C /* ExampleService.swift in Sources */,
				46D9610F29A2C9CA008F54E6 /* ExampleView.swift in Sources */,
				46CF79EB29AAC6D90072DF2C /* ExampleViewModel.swift in Sources */,
				46D960F029A2C64B008F54E6 /* SceneDelegate.swift in Sources */,
				4652B03029A4422F00C9F94B /* BaseErrorModel.swift in Sources */,
			);
			runOnlyForDeploymentPostprocessing = 0;
		};
/* End PBXSourcesBuildPhase section */

/* Begin XCBuildConfiguration section */
		46D960FC29A2C64C008F54E6 /* Debug */ = {
			isa = XCBuildConfiguration;
			buildSettings = {
				ALWAYS_SEARCH_USER_PATHS = NO;
				CLANG_ANALYZER_NONNULL = YES;
				CLANG_ANALYZER_NUMBER_OBJECT_CONVERSION = YES_AGGRESSIVE;
				CLANG_CXX_LANGUAGE_STANDARD = "gnu++20";
				CLANG_ENABLE_MODULES = YES;
				CLANG_ENABLE_OBJC_ARC = YES;
				CLANG_ENABLE_OBJC_WEAK = YES;
				CLANG_WARN_BLOCK_CAPTURE_AUTORELEASING = YES;
				CLANG_WARN_BOOL_CONVERSION = YES;
				CLANG_WARN_COMMA = YES;
				CLANG_WARN_CONSTANT_CONVERSION = YES;
				CLANG_WARN_DEPRECATED_OBJC_IMPLEMENTATIONS = YES;
				CLANG_WARN_DIRECT_OBJC_ISA_USAGE = YES_ERROR;
				CLANG_WARN_DOCUMENTATION_COMMENTS = YES;
				CLANG_WARN_EMPTY_BODY = YES;
				CLANG_WARN_ENUM_CONVERSION = YES;
				CLANG_WARN_INFINITE_RECURSION = YES;
				CLANG_WARN_INT_CONVERSION = YES;
				CLANG_WARN_NON_LITERAL_NULL_CONVERSION = YES;
				CLANG_WARN_OBJC_IMPLICIT_RETAIN_SELF = YES;
				CLANG_WARN_OBJC_LITERAL_CONVERSION = YES;
				CLANG_WARN_OBJC_ROOT_CLASS = YES_ERROR;
				CLANG_WARN_QUOTED_INCLUDE_IN_FRAMEWORK_HEADER = YES;
				CLANG_WARN_RANGE_LOOP_ANALYSIS = YES;
				CLANG_WARN_STRICT_PROTOTYPES = YES;
				CLANG_WARN_SUSPICIOUS_MOVE = YES;
				CLANG_WARN_UNGUARDED_AVAILABILITY = YES_AGGRESSIVE;
				CLANG_WARN_UNREACHABLE_CODE = YES;
				CLANG_WARN__DUPLICATE_METHOD_MATCH = YES;
				COPY_PHASE_STRIP = NO;
				DEBUG_INFORMATION_FORMAT = dwarf;
				ENABLE_STRICT_OBJC_MSGSEND = YES;
				ENABLE_TESTABILITY = YES;
				GCC_C_LANGUAGE_STANDARD = gnu11;
				GCC_DYNAMIC_NO_PIC = NO;
				GCC_NO_COMMON_BLOCKS = YES;
				GCC_OPTIMIZATION_LEVEL = 0;
				GCC_PREPROCESSOR_DEFINITIONS = (
					"DEBUG=1",
					"$(inherited)",
				);
				GCC_WARN_64_TO_32_BIT_CONVERSION = YES;
				GCC_WARN_ABOUT_RETURN_TYPE = YES_ERROR;
				GCC_WARN_UNDECLARED_SELECTOR = YES;
				GCC_WARN_UNINITIALIZED_AUTOS = YES_AGGRESSIVE;
				GCC_WARN_UNUSED_FUNCTION = YES;
				GCC_WARN_UNUSED_VARIABLE = YES;
				IPHONEOS_DEPLOYMENT_TARGET = 16.1;
				MTL_ENABLE_DEBUG_INFO = INCLUDE_SOURCE;
				MTL_FAST_MATH = YES;
				ONLY_ACTIVE_ARCH = YES;
				SDKROOT = iphoneos;
				SWIFT_ACTIVE_COMPILATION_CONDITIONS = DEBUG;
				SWIFT_OPTIMIZATION_LEVEL = "-Onone";
			};
			name = Debug;
		};
		46D960FD29A2C64C008F54E6 /* Release */ = {
			isa = XCBuildConfiguration;
			buildSettings = {
				ALWAYS_SEARCH_USER_PATHS = NO;
				CLANG_ANALYZER_NONNULL = YES;
				CLANG_ANALYZER_NUMBER_OBJECT_CONVERSION = YES_AGGRESSIVE;
				CLANG_CXX_LANGUAGE_STANDARD = "gnu++20";
				CLANG_ENABLE_MODULES = YES;
				CLANG_ENABLE_OBJC_ARC = YES;
				CLANG_ENABLE_OBJC_WEAK = YES;
				CLANG_WARN_BLOCK_CAPTURE_AUTORELEASING = YES;
				CLANG_WARN_BOOL_CONVERSION = YES;
				CLANG_WARN_COMMA = YES;
				CLANG_WARN_CONSTANT_CONVERSION = YES;
				CLANG_WARN_DEPRECATED_OBJC_IMPLEMENTATIONS = YES;
				CLANG_WARN_DIRECT_OBJC_ISA_USAGE = YES_ERROR;
				CLANG_WARN_DOCUMENTATION_COMMENTS = YES;
				CLANG_WARN_EMPTY_BODY = YES;
				CLANG_WARN_ENUM_CONVERSION = YES;
				CLANG_WARN_INFINITE_RECURSION = YES;
				CLANG_WARN_INT_CONVERSION = YES;
				CLANG_WARN_NON_LITERAL_NULL_CONVERSION = YES;
				CLANG_WARN_OBJC_IMPLICIT_RETAIN_SELF = YES;
				CLANG_WARN_OBJC_LITERAL_CONVERSION = YES;
				CLANG_WARN_OBJC_ROOT_CLASS = YES_ERROR;
				CLANG_WARN_QUOTED_INCLUDE_IN_FRAMEWORK_HEADER = YES;
				CLANG_WARN_RANGE_LOOP_ANALYSIS = YES;
				CLANG_WARN_STRICT_PROTOTYPES = YES;
				CLANG_WARN_SUSPICIOUS_MOVE = YES;
				CLANG_WARN_UNGUARDED_AVAILABILITY = YES_AGGRESSIVE;
				CLANG_WARN_UNREACHABLE_CODE = YES;
				CLANG_WARN__DUPLICATE_METHOD_MATCH = YES;
				COPY_PHASE_STRIP = NO;
				DEBUG_INFORMATION_FORMAT = "dwarf-with-dsym";
				ENABLE_NS_ASSERTIONS = NO;
				ENABLE_STRICT_OBJC_MSGSEND = YES;
				GCC_C_LANGUAGE_STANDARD = gnu11;
				GCC_NO_COMMON_BLOCKS = YES;
				GCC_WARN_64_TO_32_BIT_CONVERSION = YES;
				GCC_WARN_ABOUT_RETURN_TYPE = YES_ERROR;
				GCC_WARN_UNDECLARED_SELECTOR = YES;
				GCC_WARN_UNINITIALIZED_AUTOS = YES_AGGRESSIVE;
				GCC_WARN_UNUSED_FUNCTION = YES;
				GCC_WARN_UNUSED_VARIABLE = YES;
				IPHONEOS_DEPLOYMENT_TARGET = 16.1;
				MTL_ENABLE_DEBUG_INFO = NO;
				MTL_FAST_MATH = YES;
				SDKROOT = iphoneos;
				SWIFT_COMPILATION_MODE = wholemodule;
				SWIFT_OPTIMIZATION_LEVEL = "-O";
				VALIDATE_PRODUCT = YES;
			};
			name = Release;
		};
		46D960FF29A2C64C008F54E6 /* Debug */ = {
			isa = XCBuildConfiguration;
			buildSettings = {
				ASSETCATALOG_COMPILER_APPICON_NAME = AppIcon;
				ASSETCATALOG_COMPILER_GLOBAL_ACCENT_COLOR_NAME = AccentColor;
				CODE_SIGN_STYLE = Automatic;
				CURRENT_PROJECT_VERSION = 1;
				DEVELOPMENT_TEAM = A8RYH4FTQV;
				GENERATE_INFOPLIST_FILE = YES;
				INFOPLIST_FILE = "UIKit+SwiftUI+Architecture/Info.plist";
				INFOPLIST_KEY_UIApplicationSupportsIndirectInputEvents = YES;
				INFOPLIST_KEY_UILaunchStoryboardName = LaunchScreen;
				INFOPLIST_KEY_UISupportedInterfaceOrientations_iPad = "UIInterfaceOrientationPortrait UIInterfaceOrientationPortraitUpsideDown UIInterfaceOrientationLandscapeLeft UIInterfaceOrientationLandscapeRight";
				INFOPLIST_KEY_UISupportedInterfaceOrientations_iPhone = "UIInterfaceOrientationPortrait UIInterfaceOrientationLandscapeLeft UIInterfaceOrientationLandscapeRight";
				LD_RUNPATH_SEARCH_PATHS = (
					"$(inherited)",
					"@executable_path/Frameworks",
				);
				MARKETING_VERSION = 1.0;
				PRODUCT_BUNDLE_IDENTIFIER = "com.meatlanosrep.UIKit-SwiftUI-Architecture";
				PRODUCT_NAME = "$(TARGET_NAME)";
				SWIFT_EMIT_LOC_STRINGS = YES;
				SWIFT_VERSION = 5.0;
				TARGETED_DEVICE_FAMILY = "1,2";
			};
			name = Debug;
		};
		46D9610029A2C64C008F54E6 /* Release */ = {
			isa = XCBuildConfiguration;
			buildSettings = {
				ASSETCATALOG_COMPILER_APPICON_NAME = AppIcon;
				ASSETCATALOG_COMPILER_GLOBAL_ACCENT_COLOR_NAME = AccentColor;
				CODE_SIGN_STYLE = Automatic;
				CURRENT_PROJECT_VERSION = 1;
				DEVELOPMENT_TEAM = A8RYH4FTQV;
				GENERATE_INFOPLIST_FILE = YES;
				INFOPLIST_FILE = "UIKit+SwiftUI+Architecture/Info.plist";
				INFOPLIST_KEY_UIApplicationSupportsIndirectInputEvents = YES;
				INFOPLIST_KEY_UILaunchStoryboardName = LaunchScreen;
				INFOPLIST_KEY_UISupportedInterfaceOrientations_iPad = "UIInterfaceOrientationPortrait UIInterfaceOrientationPortraitUpsideDown UIInterfaceOrientationLandscapeLeft UIInterfaceOrientationLandscapeRight";
				INFOPLIST_KEY_UISupportedInterfaceOrientations_iPhone = "UIInterfaceOrientationPortrait UIInterfaceOrientationLandscapeLeft UIInterfaceOrientationLandscapeRight";
				LD_RUNPATH_SEARCH_PATHS = (
					"$(inherited)",
					"@executable_path/Frameworks",
				);
				MARKETING_VERSION = 1.0;
				PRODUCT_BUNDLE_IDENTIFIER = "com.meatlanosrep.UIKit-SwiftUI-Architecture";
				PRODUCT_NAME = "$(TARGET_NAME)";
				SWIFT_EMIT_LOC_STRINGS = YES;
				SWIFT_VERSION = 5.0;
				TARGETED_DEVICE_FAMILY = "1,2";
			};
			name = Release;
		};
/* End XCBuildConfiguration section */

/* Begin XCConfigurationList section */
		46D960E529A2C64B008F54E6 /* Build configuration list for PBXProject "UIKit+SwiftUI+Architecture" */ = {
			isa = XCConfigurationList;
			buildConfigurations = (
				46D960FC29A2C64C008F54E6 /* Debug */,
				46D960FD29A2C64C008F54E6 /* Release */,
			);
			defaultConfigurationIsVisible = 0;
			defaultConfigurationName = Release;
		};
		46D960FE29A2C64C008F54E6 /* Build configuration list for PBXNativeTarget "UIKit+SwiftUI+Architecture" */ = {
			isa = XCConfigurationList;
			buildConfigurations = (
				46D960FF29A2C64C008F54E6 /* Debug */,
				46D9610029A2C64C008F54E6 /* Release */,
			);
			defaultConfigurationIsVisible = 0;
			defaultConfigurationName = Release;
		};
/* End XCConfigurationList section */

/* Begin XCRemoteSwiftPackageReference section */
		4657603D29B16A5200BA8AC8 /* XCRemoteSwiftPackageReference "Core" */ = {
			isa = XCRemoteSwiftPackageReference;
			repositoryURL = "https://github.com/MehmetKaranlik/Core.git";
			requirement = {
				branch = main;
				kind = branch;
			};
		};
		4657604029B16A6100BA8AC8 /* XCRemoteSwiftPackageReference "DesignKit" */ = {
			isa = XCRemoteSwiftPackageReference;
			repositoryURL = "https://github.com/MehmetKaranlik/DesignKit.git";
			requirement = {
				branch = main;
				kind = branch;
			};
		};
		4657604329B16A6F00BA8AC8 /* XCRemoteSwiftPackageReference "NetworkManager" */ = {
			isa = XCRemoteSwiftPackageReference;
			repositoryURL = "https://github.com/MehmetKaranlik/NetworkManager";
			requirement = {
				branch = main;
				kind = branch;
			};
		};
/* End XCRemoteSwiftPackageReference section */

/* Begin XCSwiftPackageProductDependency section */
		4657603E29B16A5200BA8AC8 /* Core */ = {
			isa = XCSwiftPackageProductDependency;
			package = 4657603D29B16A5200BA8AC8 /* XCRemoteSwiftPackageReference "Core" */;
			productName = Core;
		};
		4657604129B16A6100BA8AC8 /* DesignKit */ = {
			isa = XCSwiftPackageProductDependency;
			package = 4657604029B16A6100BA8AC8 /* XCRemoteSwiftPackageReference "DesignKit" */;
			productName = DesignKit;
		};
		4657604429B16A6F00BA8AC8 /* NetworkManagerPackage */ = {
			isa = XCSwiftPackageProductDependency;
			package = 4657604329B16A6F00BA8AC8 /* XCRemoteSwiftPackageReference "NetworkManager" */;
			productName = NetworkManagerPackage;
		};
/* End XCSwiftPackageProductDependency section */
	};
	rootObject = 46D960E229A2C64B008F54E6 /* Project object */;
}
