// !$*UTF8*$!
{
	archiveVersion = 1;
	classes = {
	};
	objectVersion = 56;
	objects = {

/* Begin PBXBuildFile section */
		46D960EE29A2C64B008F54E6 /* AppDelegate.swift in Sources */ = {isa = PBXBuildFile; fileRef = 46D960ED29A2C64B008F54E6 /* AppDelegate.swift */; };
		46D960F029A2C64B008F54E6 /* SceneDelegate.swift in Sources */ = {isa = PBXBuildFile; fileRef = 46D960EF29A2C64B008F54E6 /* SceneDelegate.swift */; };
		46D960F729A2C64C008F54E6 /* Assets.xcassets in Resources */ = {isa = PBXBuildFile; fileRef = 46D960F629A2C64C008F54E6 /* Assets.xcassets */; };
		46D9610D29A2C9AF008F54E6 /* LoginViewController.swift in Sources */ = {isa = PBXBuildFile; fileRef = 46D9610C29A2C9AF008F54E6 /* LoginViewController.swift */; };
		46D9610F29A2C9CA008F54E6 /* LoginView.swift in Sources */ = {isa = PBXBuildFile; fileRef = 46D9610E29A2C9CA008F54E6 /* LoginView.swift */; };
		46D9611329A2CA37008F54E6 /* View+Extensions.swift in Sources */ = {isa = PBXBuildFile; fileRef = 46D9611229A2CA37008F54E6 /* View+Extensions.swift */; };
		46D9611529A2CAD3008F54E6 /* UIHostingController+Extensions.swift in Sources */ = {isa = PBXBuildFile; fileRef = 46D9611429A2CAD3008F54E6 /* UIHostingController+Extensions.swift */; };
		46D9611A29A2CC8E008F54E6 /* MainTabController.swift in Sources */ = {isa = PBXBuildFile; fileRef = 46D9611929A2CC8E008F54E6 /* MainTabController.swift */; };
		46D9611C29A2CCFF008F54E6 /* UIViewController+Extensions.swift in Sources */ = {isa = PBXBuildFile; fileRef = 46D9611B29A2CCFF008F54E6 /* UIViewController+Extensions.swift */; };
		46D9611E29A2D1F3008F54E6 /* UIWindow+Extensions.swift in Sources */ = {isa = PBXBuildFile; fileRef = 46D9611D29A2D1F3008F54E6 /* UIWindow+Extensions.swift */; };
		46D9612629A2D421008F54E6 /* HomeViewController.swift in Sources */ = {isa = PBXBuildFile; fileRef = 46D9612529A2D421008F54E6 /* HomeViewController.swift */; };
		46D9612829A2D437008F54E6 /* SearchViewController.swift in Sources */ = {isa = PBXBuildFile; fileRef = 46D9612729A2D437008F54E6 /* SearchViewController.swift */; };
		46D9612A29A2D5A4008F54E6 /* HomeView.swift in Sources */ = {isa = PBXBuildFile; fileRef = 46D9612929A2D5A4008F54E6 /* HomeView.swift */; };
		46D9612C29A2D624008F54E6 /* SearchView.swift in Sources */ = {isa = PBXBuildFile; fileRef = 46D9612B29A2D624008F54E6 /* SearchView.swift */; };
		46D9613129A2D827008F54E6 /* ViewContoller+Extensions.swift in Sources */ = {isa = PBXBuildFile; fileRef = 46D9613029A2D827008F54E6 /* ViewContoller+Extensions.swift */; };
		46D9613329A2DD44008F54E6 /* DesignKit.swift in Sources */ = {isa = PBXBuildFile; fileRef = 46D9613229A2DD44008F54E6 /* DesignKit.swift */; };
		46D9613629A2DE15008F54E6 /* Colors.swift in Sources */ = {isa = PBXBuildFile; fileRef = 46D9613529A2DE15008F54E6 /* Colors.swift */; };
		46D9613829A2E04C008F54E6 /* Sizes.swift in Sources */ = {isa = PBXBuildFile; fileRef = 46D9613729A2E04C008F54E6 /* Sizes.swift */; };
		46D9613B29A2E3E4008F54E6 /* PagePadding.swift in Sources */ = {isa = PBXBuildFile; fileRef = 46D9613A29A2E3E4008F54E6 /* PagePadding.swift */; };
/* End PBXBuildFile section */

/* Begin PBXFileReference section */
		46D960EA29A2C64B008F54E6 /* UIKit+SwiftUI+Architecture.app */ = {isa = PBXFileReference; explicitFileType = wrapper.application; includeInIndex = 0; path = "UIKit+SwiftUI+Architecture.app"; sourceTree = BUILT_PRODUCTS_DIR; };
		46D960ED29A2C64B008F54E6 /* AppDelegate.swift */ = {isa = PBXFileReference; lastKnownFileType = sourcecode.swift; path = AppDelegate.swift; sourceTree = "<group>"; };
		46D960EF29A2C64B008F54E6 /* SceneDelegate.swift */ = {isa = PBXFileReference; lastKnownFileType = sourcecode.swift; path = SceneDelegate.swift; sourceTree = "<group>"; };
		46D960F629A2C64C008F54E6 /* Assets.xcassets */ = {isa = PBXFileReference; lastKnownFileType = folder.assetcatalog; path = Assets.xcassets; sourceTree = "<group>"; };
		46D960FB29A2C64C008F54E6 /* Info.plist */ = {isa = PBXFileReference; lastKnownFileType = text.plist.xml; path = Info.plist; sourceTree = "<group>"; };
		46D9610C29A2C9AF008F54E6 /* LoginViewController.swift */ = {isa = PBXFileReference; lastKnownFileType = sourcecode.swift; path = LoginViewController.swift; sourceTree = "<group>"; };
		46D9610E29A2C9CA008F54E6 /* LoginView.swift */ = {isa = PBXFileReference; lastKnownFileType = sourcecode.swift; path = LoginView.swift; sourceTree = "<group>"; };
		46D9611229A2CA37008F54E6 /* View+Extensions.swift */ = {isa = PBXFileReference; lastKnownFileType = sourcecode.swift; path = "View+Extensions.swift"; sourceTree = "<group>"; };
		46D9611429A2CAD3008F54E6 /* UIHostingController+Extensions.swift */ = {isa = PBXFileReference; lastKnownFileType = sourcecode.swift; path = "UIHostingController+Extensions.swift"; sourceTree = "<group>"; };
		46D9611929A2CC8E008F54E6 /* MainTabController.swift */ = {isa = PBXFileReference; lastKnownFileType = sourcecode.swift; path = MainTabController.swift; sourceTree = "<group>"; };
		46D9611B29A2CCFF008F54E6 /* UIViewController+Extensions.swift */ = {isa = PBXFileReference; lastKnownFileType = sourcecode.swift; path = "UIViewController+Extensions.swift"; sourceTree = "<group>"; };
		46D9611D29A2D1F3008F54E6 /* UIWindow+Extensions.swift */ = {isa = PBXFileReference; lastKnownFileType = sourcecode.swift; path = "UIWindow+Extensions.swift"; sourceTree = "<group>"; };
		46D9612529A2D421008F54E6 /* HomeViewController.swift */ = {isa = PBXFileReference; lastKnownFileType = sourcecode.swift; path = HomeViewController.swift; sourceTree = "<group>"; };
		46D9612729A2D437008F54E6 /* SearchViewController.swift */ = {isa = PBXFileReference; lastKnownFileType = sourcecode.swift; path = SearchViewController.swift; sourceTree = "<group>"; };
		46D9612929A2D5A4008F54E6 /* HomeView.swift */ = {isa = PBXFileReference; lastKnownFileType = sourcecode.swift; path = HomeView.swift; sourceTree = "<group>"; };
		46D9612B29A2D624008F54E6 /* SearchView.swift */ = {isa = PBXFileReference; lastKnownFileType = sourcecode.swift; path = SearchView.swift; sourceTree = "<group>"; };
		46D9613029A2D827008F54E6 /* ViewContoller+Extensions.swift */ = {isa = PBXFileReference; lastKnownFileType = sourcecode.swift; path = "ViewContoller+Extensions.swift"; sourceTree = "<group>"; };
		46D9613229A2DD44008F54E6 /* DesignKit.swift */ = {isa = PBXFileReference; lastKnownFileType = sourcecode.swift; path = DesignKit.swift; sourceTree = "<group>"; };
		46D9613529A2DE15008F54E6 /* Colors.swift */ = {isa = PBXFileReference; lastKnownFileType = sourcecode.swift; path = Colors.swift; sourceTree = "<group>"; };
		46D9613729A2E04C008F54E6 /* Sizes.swift */ = {isa = PBXFileReference; lastKnownFileType = sourcecode.swift; path = Sizes.swift; sourceTree = "<group>"; };
		46D9613A29A2E3E4008F54E6 /* PagePadding.swift */ = {isa = PBXFileReference; lastKnownFileType = sourcecode.swift; path = PagePadding.swift; sourceTree = "<group>"; };
/* End PBXFileReference section */

/* Begin PBXFrameworksBuildPhase section */
		46D960E729A2C64B008F54E6 /* Frameworks */ = {
			isa = PBXFrameworksBuildPhase;
			buildActionMask = 2147483647;
			files = (
			);
			runOnlyForDeploymentPostprocessing = 0;
		};
/* End PBXFrameworksBuildPhase section */

/* Begin PBXGroup section */
		46D960E129A2C64B008F54E6 = {
			isa = PBXGroup;
			children = (
				46D960EC29A2C64B008F54E6 /* UIKit+SwiftUI+Architecture */,
				46D960EB29A2C64B008F54E6 /* Products */,
			);
			sourceTree = "<group>";
		};
		46D960EB29A2C64B008F54E6 /* Products */ = {
			isa = PBXGroup;
			children = (
				46D960EA29A2C64B008F54E6 /* UIKit+SwiftUI+Architecture.app */,
			);
			name = Products;
			sourceTree = "<group>";
		};
		46D960EC29A2C64B008F54E6 /* UIKit+SwiftUI+Architecture */ = {
			isa = PBXGroup;
			children = (
				46D9613C29A2ED75008F54E6 /* DesignKit */,
				46D9611029A2CA28008F54E6 /* Core */,
				46D9610329A2C97A008F54E6 /* Feature */,
				46D9610129A2C964008F54E6 /* Resources */,
			);
			path = "UIKit+SwiftUI+Architecture";
			sourceTree = "<group>";
		};
		46D9610129A2C964008F54E6 /* Resources */ = {
			isa = PBXGroup;
			children = (
				46D960EF29A2C64B008F54E6 /* SceneDelegate.swift */,
				46D960ED29A2C64B008F54E6 /* AppDelegate.swift */,
				46D960F629A2C64C008F54E6 /* Assets.xcassets */,
				46D960FB29A2C64C008F54E6 /* Info.plist */,
			);
			name = Resources;
			sourceTree = "<group>";
		};
		46D9610329A2C97A008F54E6 /* Feature */ = {
			isa = PBXGroup;
			children = (
				46D9610529A2C988008F54E6 /* Main */,
				46D9610429A2C983008F54E6 /* Auth */,
			);
			name = Feature;
			sourceTree = "<group>";
		};
		46D9610429A2C983008F54E6 /* Auth */ = {
			isa = PBXGroup;
			children = (
				46D9610629A2C98E008F54E6 /* Login */,
			);
			name = Auth;
			sourceTree = "<group>";
		};
		46D9610529A2C988008F54E6 /* Main */ = {
			isa = PBXGroup;
			children = (
				46D9612029A2D3FD008F54E6 /* Search */,
				46D9611F29A2D3F9008F54E6 /* Home */,
				46D9611729A2CC79008F54E6 /* Tab */,
			);
			name = Main;
			sourceTree = "<group>";
		};
		46D9610629A2C98E008F54E6 /* Login */ = {
			isa = PBXGroup;
			children = (
				46D9610B29A2C9A3008F54E6 /* Model */,
				46D9610A29A2C9A1008F54E6 /* Service */,
				46D9610929A2C99D008F54E6 /* ViewModel */,
				46D9610829A2C99B008F54E6 /* View */,
				46D9610729A2C998008F54E6 /* ViewController */,
			);
			name = Login;
			sourceTree = "<group>";
		};
		46D9610729A2C998008F54E6 /* ViewController */ = {
			isa = PBXGroup;
			children = (
				46D9610C29A2C9AF008F54E6 /* LoginViewController.swift */,
			);
			name = ViewController;
			sourceTree = "<group>";
		};
		46D9610829A2C99B008F54E6 /* View */ = {
			isa = PBXGroup;
			children = (
				46D9610E29A2C9CA008F54E6 /* LoginView.swift */,
			);
			name = View;
			sourceTree = "<group>";
		};
		46D9610929A2C99D008F54E6 /* ViewModel */ = {
			isa = PBXGroup;
			children = (
			);
			name = ViewModel;
			sourceTree = "<group>";
		};
		46D9610A29A2C9A1008F54E6 /* Service */ = {
			isa = PBXGroup;
			children = (
			);
			name = Service;
			sourceTree = "<group>";
		};
		46D9610B29A2C9A3008F54E6 /* Model */ = {
			isa = PBXGroup;
			children = (
			);
			name = Model;
			sourceTree = "<group>";
		};
		46D9611029A2CA28008F54E6 /* Core */ = {
			isa = PBXGroup;
			children = (
				46D9611129A2CA2C008F54E6 /* Extensions */,
			);
			name = Core;
			sourceTree = "<group>";
		};
		46D9611129A2CA2C008F54E6 /* Extensions */ = {
			isa = PBXGroup;
			children = (
				46D9611229A2CA37008F54E6 /* View+Extensions.swift */,
				46D9611429A2CAD3008F54E6 /* UIHostingController+Extensions.swift */,
				46D9611B29A2CCFF008F54E6 /* UIViewController+Extensions.swift */,
				46D9611D29A2D1F3008F54E6 /* UIWindow+Extensions.swift */,
			);
			name = Extensions;
			sourceTree = "<group>";
		};
		46D9611729A2CC79008F54E6 /* Tab */ = {
			isa = PBXGroup;
			children = (
				46D9611829A2CC7C008F54E6 /* ViewController */,
			);
			name = Tab;
			sourceTree = "<group>";
		};
		46D9611829A2CC7C008F54E6 /* ViewController */ = {
			isa = PBXGroup;
			children = (
				46D9611929A2CC8E008F54E6 /* MainTabController.swift */,
			);
			name = ViewController;
			sourceTree = "<group>";
		};
		46D9611F29A2D3F9008F54E6 /* Home */ = {
			isa = PBXGroup;
			children = (
				46D9612429A2D40D008F54E6 /* View */,
				46D9612329A2D40A008F54E6 /* ViewController */,
			);
			name = Home;
			sourceTree = "<group>";
		};
		46D9612029A2D3FD008F54E6 /* Search */ = {
			isa = PBXGroup;
			children = (
				46D9612229A2D408008F54E6 /* View */,
				46D9612129A2D400008F54E6 /* ViewController */,
			);
			name = Search;
			sourceTree = "<group>";
		};
		46D9612129A2D400008F54E6 /* ViewController */ = {
			isa = PBXGroup;
			children = (
				46D9612729A2D437008F54E6 /* SearchViewController.swift */,
			);
			name = ViewController;
			sourceTree = "<group>";
		};
		46D9612229A2D408008F54E6 /* View */ = {
			isa = PBXGroup;
			children = (
				46D9612B29A2D624008F54E6 /* SearchView.swift */,
			);
			name = View;
			sourceTree = "<group>";
		};
		46D9612329A2D40A008F54E6 /* ViewController */ = {
			isa = PBXGroup;
			children = (
				46D9612529A2D421008F54E6 /* HomeViewController.swift */,
			);
			name = ViewController;
			sourceTree = "<group>";
		};
		46D9612429A2D40D008F54E6 /* View */ = {
			isa = PBXGroup;
			children = (
				46D9612929A2D5A4008F54E6 /* HomeView.swift */,
			);
			name = View;
			sourceTree = "<group>";
		};
		46D9612F29A2D7F2008F54E6 /* Extensions */ = {
			isa = PBXGroup;
			children = (
				46D9613029A2D827008F54E6 /* ViewContoller+Extensions.swift */,
			);
			name = Extensions;
			sourceTree = "<group>";
		};
		46D9613429A2DDFC008F54E6 /* Kit */ = {
			isa = PBXGroup;
			children = (
				46D9613529A2DE15008F54E6 /* Colors.swift */,
				46D9613729A2E04C008F54E6 /* Sizes.swift */,
			);
			name = Kit;
			sourceTree = "<group>";
		};
		46D9613929A2E3DB008F54E6 /* Padding */ = {
			isa = PBXGroup;
			children = (
				46D9613A29A2E3E4008F54E6 /* PagePadding.swift */,
			);
			name = Padding;
			sourceTree = "<group>";
		};
		46D9613C29A2ED75008F54E6 /* DesignKit */ = {
			isa = PBXGroup;
			children = (
				46D9613929A2E3DB008F54E6 /* Padding */,
				46D9613429A2DDFC008F54E6 /* Kit */,
				46D9612F29A2D7F2008F54E6 /* Extensions */,
				46D9613229A2DD44008F54E6 /* DesignKit.swift */,
			);
			name = DesignKit;
			sourceTree = "<group>";
		};
/* End PBXGroup section */

/* Begin PBXNativeTarget section */
		46D960E929A2C64B008F54E6 /* UIKit+SwiftUI+Architecture */ = {
			isa = PBXNativeTarget;
			buildConfigurationList = 46D960FE29A2C64C008F54E6 /* Build configuration list for PBXNativeTarget "UIKit+SwiftUI+Architecture" */;
			buildPhases = (
				46D960E629A2C64B008F54E6 /* Sources */,
				46D960E729A2C64B008F54E6 /* Frameworks */,
				46D960E829A2C64B008F54E6 /* Resources */,
			);
			buildRules = (
			);
			dependencies = (
			);
			name = "UIKit+SwiftUI+Architecture";
			productName = "UIKit+SwiftUI+Architecture";
			productReference = 46D960EA29A2C64B008F54E6 /* UIKit+SwiftUI+Architecture.app */;
			productType = "com.apple.product-type.application";
		};
/* End PBXNativeTarget section */

/* Begin PBXProject section */
		46D960E229A2C64B008F54E6 /* Project object */ = {
			isa = PBXProject;
			attributes = {
				BuildIndependentTargetsInParallel = 1;
				LastSwiftUpdateCheck = 1410;
				LastUpgradeCheck = 1410;
				TargetAttributes = {
					46D960E929A2C64B008F54E6 = {
						CreatedOnToolsVersion = 14.1;
					};
				};
			};
			buildConfigurationList = 46D960E529A2C64B008F54E6 /* Build configuration list for PBXProject "UIKit+SwiftUI+Architecture" */;
			compatibilityVersion = "Xcode 14.0";
			developmentRegion = en;
			hasScannedForEncodings = 0;
			knownRegions = (
				en,
				Base,
			);
			mainGroup = 46D960E129A2C64B008F54E6;
			productRefGroup = 46D960EB29A2C64B008F54E6 /* Products */;
			projectDirPath = "";
			projectRoot = "";
			targets = (
				46D960E929A2C64B008F54E6 /* UIKit+SwiftUI+Architecture */,
			);
		};
/* End PBXProject section */

/* Begin PBXResourcesBuildPhase section */
		46D960E829A2C64B008F54E6 /* Resources */ = {
			isa = PBXResourcesBuildPhase;
			buildActionMask = 2147483647;
			files = (
				46D960F729A2C64C008F54E6 /* Assets.xcassets in Resources */,
			);
			runOnlyForDeploymentPostprocessing = 0;
		};
/* End PBXResourcesBuildPhase section */

/* Begin PBXSourcesBuildPhase section */
		46D960E629A2C64B008F54E6 /* Sources */ = {
			isa = PBXSourcesBuildPhase;
			buildActionMask = 2147483647;
			files = (
				46D9613329A2DD44008F54E6 /* DesignKit.swift in Sources */,
				46D9611E29A2D1F3008F54E6 /* UIWindow+Extensions.swift in Sources */,
				46D9612829A2D437008F54E6 /* SearchViewController.swift in Sources */,
				46D9611529A2CAD3008F54E6 /* UIHostingController+Extensions.swift in Sources */,
				46D9610D29A2C9AF008F54E6 /* LoginViewController.swift in Sources */,
				46D9611A29A2CC8E008F54E6 /* MainTabController.swift in Sources */,
				46D960EE29A2C64B008F54E6 /* AppDelegate.swift in Sources */,
				46D9612629A2D421008F54E6 /* HomeViewController.swift in Sources */,
				46D9613129A2D827008F54E6 /* ViewContoller+Extensions.swift in Sources */,
				46D9613629A2DE15008F54E6 /* Colors.swift in Sources */,
				46D9611C29A2CCFF008F54E6 /* UIViewController+Extensions.swift in Sources */,
				46D9612C29A2D624008F54E6 /* SearchView.swift in Sources */,
				46D9610F29A2C9CA008F54E6 /* LoginView.swift in Sources */,
				46D9613829A2E04C008F54E6 /* Sizes.swift in Sources */,
				46D9613B29A2E3E4008F54E6 /* PagePadding.swift in Sources */,
				46D9612A29A2D5A4008F54E6 /* HomeView.swift in Sources */,
				46D9611329A2CA37008F54E6 /* View+Extensions.swift in Sources */,
				46D960F029A2C64B008F54E6 /* SceneDelegate.swift in Sources */,
			);
			runOnlyForDeploymentPostprocessing = 0;
		};
/* End PBXSourcesBuildPhase section */

/* Begin XCBuildConfiguration section */
		46D960FC29A2C64C008F54E6 /* Debug */ = {
			isa = XCBuildConfiguration;
			buildSettings = {
				ALWAYS_SEARCH_USER_PATHS = NO;
				CLANG_ANALYZER_NONNULL = YES;
				CLANG_ANALYZER_NUMBER_OBJECT_CONVERSION = YES_AGGRESSIVE;
				CLANG_CXX_LANGUAGE_STANDARD = "gnu++20";
				CLANG_ENABLE_MODULES = YES;
				CLANG_ENABLE_OBJC_ARC = YES;
				CLANG_ENABLE_OBJC_WEAK = YES;
				CLANG_WARN_BLOCK_CAPTURE_AUTORELEASING = YES;
				CLANG_WARN_BOOL_CONVERSION = YES;
				CLANG_WARN_COMMA = YES;
				CLANG_WARN_CONSTANT_CONVERSION = YES;
				CLANG_WARN_DEPRECATED_OBJC_IMPLEMENTATIONS = YES;
				CLANG_WARN_DIRECT_OBJC_ISA_USAGE = YES_ERROR;
				CLANG_WARN_DOCUMENTATION_COMMENTS = YES;
				CLANG_WARN_EMPTY_BODY = YES;
				CLANG_WARN_ENUM_CONVERSION = YES;
				CLANG_WARN_INFINITE_RECURSION = YES;
				CLANG_WARN_INT_CONVERSION = YES;
				CLANG_WARN_NON_LITERAL_NULL_CONVERSION = YES;
				CLANG_WARN_OBJC_IMPLICIT_RETAIN_SELF = YES;
				CLANG_WARN_OBJC_LITERAL_CONVERSION = YES;
				CLANG_WARN_OBJC_ROOT_CLASS = YES_ERROR;
				CLANG_WARN_QUOTED_INCLUDE_IN_FRAMEWORK_HEADER = YES;
				CLANG_WARN_RANGE_LOOP_ANALYSIS = YES;
				CLANG_WARN_STRICT_PROTOTYPES = YES;
				CLANG_WARN_SUSPICIOUS_MOVE = YES;
				CLANG_WARN_UNGUARDED_AVAILABILITY = YES_AGGRESSIVE;
				CLANG_WARN_UNREACHABLE_CODE = YES;
				CLANG_WARN__DUPLICATE_METHOD_MATCH = YES;
				COPY_PHASE_STRIP = NO;
				DEBUG_INFORMATION_FORMAT = dwarf;
				ENABLE_STRICT_OBJC_MSGSEND = YES;
				ENABLE_TESTABILITY = YES;
				GCC_C_LANGUAGE_STANDARD = gnu11;
				GCC_DYNAMIC_NO_PIC = NO;
				GCC_NO_COMMON_BLOCKS = YES;
				GCC_OPTIMIZATION_LEVEL = 0;
				GCC_PREPROCESSOR_DEFINITIONS = (
					"DEBUG=1",
					"$(inherited)",
				);
				GCC_WARN_64_TO_32_BIT_CONVERSION = YES;
				GCC_WARN_ABOUT_RETURN_TYPE = YES_ERROR;
				GCC_WARN_UNDECLARED_SELECTOR = YES;
				GCC_WARN_UNINITIALIZED_AUTOS = YES_AGGRESSIVE;
				GCC_WARN_UNUSED_FUNCTION = YES;
				GCC_WARN_UNUSED_VARIABLE = YES;
				IPHONEOS_DEPLOYMENT_TARGET = 16.1;
				MTL_ENABLE_DEBUG_INFO = INCLUDE_SOURCE;
				MTL_FAST_MATH = YES;
				ONLY_ACTIVE_ARCH = YES;
				SDKROOT = iphoneos;
				SWIFT_ACTIVE_COMPILATION_CONDITIONS = DEBUG;
				SWIFT_OPTIMIZATION_LEVEL = "-Onone";
			};
			name = Debug;
		};
		46D960FD29A2C64C008F54E6 /* Release */ = {
			isa = XCBuildConfiguration;
			buildSettings = {
				ALWAYS_SEARCH_USER_PATHS = NO;
				CLANG_ANALYZER_NONNULL = YES;
				CLANG_ANALYZER_NUMBER_OBJECT_CONVERSION = YES_AGGRESSIVE;
				CLANG_CXX_LANGUAGE_STANDARD = "gnu++20";
				CLANG_ENABLE_MODULES = YES;
				CLANG_ENABLE_OBJC_ARC = YES;
				CLANG_ENABLE_OBJC_WEAK = YES;
				CLANG_WARN_BLOCK_CAPTURE_AUTORELEASING = YES;
				CLANG_WARN_BOOL_CONVERSION = YES;
				CLANG_WARN_COMMA = YES;
				CLANG_WARN_CONSTANT_CONVERSION = YES;
				CLANG_WARN_DEPRECATED_OBJC_IMPLEMENTATIONS = YES;
				CLANG_WARN_DIRECT_OBJC_ISA_USAGE = YES_ERROR;
				CLANG_WARN_DOCUMENTATION_COMMENTS = YES;
				CLANG_WARN_EMPTY_BODY = YES;
				CLANG_WARN_ENUM_CONVERSION = YES;
				CLANG_WARN_INFINITE_RECURSION = YES;
				CLANG_WARN_INT_CONVERSION = YES;
				CLANG_WARN_NON_LITERAL_NULL_CONVERSION = YES;
				CLANG_WARN_OBJC_IMPLICIT_RETAIN_SELF = YES;
				CLANG_WARN_OBJC_LITERAL_CONVERSION = YES;
				CLANG_WARN_OBJC_ROOT_CLASS = YES_ERROR;
				CLANG_WARN_QUOTED_INCLUDE_IN_FRAMEWORK_HEADER = YES;
				CLANG_WARN_RANGE_LOOP_ANALYSIS = YES;
				CLANG_WARN_STRICT_PROTOTYPES = YES;
				CLANG_WARN_SUSPICIOUS_MOVE = YES;
				CLANG_WARN_UNGUARDED_AVAILABILITY = YES_AGGRESSIVE;
				CLANG_WARN_UNREACHABLE_CODE = YES;
				CLANG_WARN__DUPLICATE_METHOD_MATCH = YES;
				COPY_PHASE_STRIP = NO;
				DEBUG_INFORMATION_FORMAT = "dwarf-with-dsym";
				ENABLE_NS_ASSERTIONS = NO;
				ENABLE_STRICT_OBJC_MSGSEND = YES;
				GCC_C_LANGUAGE_STANDARD = gnu11;
				GCC_NO_COMMON_BLOCKS = YES;
				GCC_WARN_64_TO_32_BIT_CONVERSION = YES;
				GCC_WARN_ABOUT_RETURN_TYPE = YES_ERROR;
				GCC_WARN_UNDECLARED_SELECTOR = YES;
				GCC_WARN_UNINITIALIZED_AUTOS = YES_AGGRESSIVE;
				GCC_WARN_UNUSED_FUNCTION = YES;
				GCC_WARN_UNUSED_VARIABLE = YES;
				IPHONEOS_DEPLOYMENT_TARGET = 16.1;
				MTL_ENABLE_DEBUG_INFO = NO;
				MTL_FAST_MATH = YES;
				SDKROOT = iphoneos;
				SWIFT_COMPILATION_MODE = wholemodule;
				SWIFT_OPTIMIZATION_LEVEL = "-O";
				VALIDATE_PRODUCT = YES;
			};
			name = Release;
		};
		46D960FF29A2C64C008F54E6 /* Debug */ = {
			isa = XCBuildConfiguration;
			buildSettings = {
				ASSETCATALOG_COMPILER_APPICON_NAME = AppIcon;
				ASSETCATALOG_COMPILER_GLOBAL_ACCENT_COLOR_NAME = AccentColor;
				CODE_SIGN_STYLE = Automatic;
				CURRENT_PROJECT_VERSION = 1;
				DEVELOPMENT_TEAM = A8RYH4FTQV;
				GENERATE_INFOPLIST_FILE = YES;
				INFOPLIST_FILE = "UIKit+SwiftUI+Architecture/Info.plist";
				INFOPLIST_KEY_UIApplicationSupportsIndirectInputEvents = YES;
				INFOPLIST_KEY_UILaunchStoryboardName = LaunchScreen;
				INFOPLIST_KEY_UISupportedInterfaceOrientations_iPad = "UIInterfaceOrientationPortrait UIInterfaceOrientationPortraitUpsideDown UIInterfaceOrientationLandscapeLeft UIInterfaceOrientationLandscapeRight";
				INFOPLIST_KEY_UISupportedInterfaceOrientations_iPhone = "UIInterfaceOrientationPortrait UIInterfaceOrientationLandscapeLeft UIInterfaceOrientationLandscapeRight";
				LD_RUNPATH_SEARCH_PATHS = (
					"$(inherited)",
					"@executable_path/Frameworks",
				);
				MARKETING_VERSION = 1.0;
				PRODUCT_BUNDLE_IDENTIFIER = "com.meatlanosrep.UIKit-SwiftUI-Architecture";
				PRODUCT_NAME = "$(TARGET_NAME)";
				SWIFT_EMIT_LOC_STRINGS = YES;
				SWIFT_VERSION = 5.0;
				TARGETED_DEVICE_FAMILY = "1,2";
			};
			name = Debug;
		};
		46D9610029A2C64C008F54E6 /* Release */ = {
			isa = XCBuildConfiguration;
			buildSettings = {
				ASSETCATALOG_COMPILER_APPICON_NAME = AppIcon;
				ASSETCATALOG_COMPILER_GLOBAL_ACCENT_COLOR_NAME = AccentColor;
				CODE_SIGN_STYLE = Automatic;
				CURRENT_PROJECT_VERSION = 1;
				DEVELOPMENT_TEAM = A8RYH4FTQV;
				GENERATE_INFOPLIST_FILE = YES;
				INFOPLIST_FILE = "UIKit+SwiftUI+Architecture/Info.plist";
				INFOPLIST_KEY_UIApplicationSupportsIndirectInputEvents = YES;
				INFOPLIST_KEY_UILaunchStoryboardName = LaunchScreen;
				INFOPLIST_KEY_UISupportedInterfaceOrientations_iPad = "UIInterfaceOrientationPortrait UIInterfaceOrientationPortraitUpsideDown UIInterfaceOrientationLandscapeLeft UIInterfaceOrientationLandscapeRight";
				INFOPLIST_KEY_UISupportedInterfaceOrientations_iPhone = "UIInterfaceOrientationPortrait UIInterfaceOrientationLandscapeLeft UIInterfaceOrientationLandscapeRight";
				LD_RUNPATH_SEARCH_PATHS = (
					"$(inherited)",
					"@executable_path/Frameworks",
				);
				MARKETING_VERSION = 1.0;
				PRODUCT_BUNDLE_IDENTIFIER = "com.meatlanosrep.UIKit-SwiftUI-Architecture";
				PRODUCT_NAME = "$(TARGET_NAME)";
				SWIFT_EMIT_LOC_STRINGS = YES;
				SWIFT_VERSION = 5.0;
				TARGETED_DEVICE_FAMILY = "1,2";
			};
			name = Release;
		};
/* End XCBuildConfiguration section */

/* Begin XCConfigurationList section */
		46D960E529A2C64B008F54E6 /* Build configuration list for PBXProject "UIKit+SwiftUI+Architecture" */ = {
			isa = XCConfigurationList;
			buildConfigurations = (
				46D960FC29A2C64C008F54E6 /* Debug */,
				46D960FD29A2C64C008F54E6 /* Release */,
			);
			defaultConfigurationIsVisible = 0;
			defaultConfigurationName = Release;
		};
		46D960FE29A2C64C008F54E6 /* Build configuration list for PBXNativeTarget "UIKit+SwiftUI+Architecture" */ = {
			isa = XCConfigurationList;
			buildConfigurations = (
				46D960FF29A2C64C008F54E6 /* Debug */,
				46D9610029A2C64C008F54E6 /* Release */,
			);
			defaultConfigurationIsVisible = 0;
			defaultConfigurationName = Release;
		};
/* End XCConfigurationList section */
	};
	rootObject = 46D960E229A2C64B008F54E6 /* Project object */;
}
